
Microsoft Visual Studio Solution File, Format Version 12.00
# Visual Studio Version 17
VisualStudioVersion = 17.9.34728.123
MinimumVisualStudioVersion = 10.0.40219.1
Project("{FAE04EC0-301F-11D3-BF4B-00C04F79EFBC}") = "WebApp2ByManish", "WebApp2ByManish.csproj", "{51FC125D-BC0A-4351-88BE-EE2688E2D9FC}"
EndProject
Global
	GlobalSection(SolutionConfigurationPlatforms) = preSolution
		Debug|Any CPU = Debug|Any CPU
		Release|Any CPU = Release|Any CPU
	EndGlobalSection
	GlobalSection(ProjectConfigurationPlatforms) = postSolution
		{51FC125D-BC0A-4351-88BE-EE2688E2D9FC}.Debug|Any CPU.ActiveCfg = Debug|Any CPU
		{51FC125D-BC0A-4351-88BE-EE2688E2D9FC}.Debug|Any CPU.Build.0 = Debug|Any CPU
		{51FC125D-BC0A-4351-88BE-EE2688E2D9FC}.Release|Any CPU.ActiveCfg = Release|Any CPU
		{51FC125D-BC0A-4351-88BE-EE2688E2D9FC}.Release|Any CPU.Build.0 = Release|Any CPU
	EndGlobalSection
	GlobalSection(SolutionProperties) = preSolution
		HideSolutionNode = FALSE
	EndGlobalSection
	GlobalSection(ExtensibilityGlobals) = postSolution
		SolutionGuid = {AF881F39-CD04-49CF-83CA-6EBB93C423FB}
	EndGlobalSection
EndGlobal
