
Microsoft Visual Studio Solution File, Format Version 12.00
# Visual Studio Version 17
VisualStudioVersion = 17.9.34728.123
MinimumVisualStudioVersion = 10.0.40219.1
Project("{FAE04EC0-301F-11D3-BF4B-00C04F79EFBC}") = "WebApp6ByManish", "WebApp6ByManish.csproj", "{ECBE1E61-D5F4-4FBD-8CBE-795276457F35}"
EndProject
Global
	GlobalSection(SolutionConfigurationPlatforms) = preSolution
		Debug|Any CPU = Debug|Any CPU
		Release|Any CPU = Release|Any CPU
	EndGlobalSection
	GlobalSection(ProjectConfigurationPlatforms) = postSolution
		{ECBE1E61-D5F4-4FBD-8CBE-795276457F35}.Debug|Any CPU.ActiveCfg = Debug|Any CPU
		{ECBE1E61-D5F4-4FBD-8CBE-795276457F35}.Debug|Any CPU.Build.0 = Debug|Any CPU
		{ECBE1E61-D5F4-4FBD-8CBE-795276457F35}.Release|Any CPU.ActiveCfg = Release|Any CPU
		{ECBE1E61-D5F4-4FBD-8CBE-795276457F35}.Release|Any CPU.Build.0 = Release|Any CPU
	EndGlobalSection
	GlobalSection(SolutionProperties) = preSolution
		HideSolutionNode = FALSE
	EndGlobalSection
	GlobalSection(ExtensibilityGlobals) = postSolution
		SolutionGuid = {1C460949-7CDB-4EEC-95B6-9CEDBC6769A2}
	EndGlobalSection
EndGlobal
